
Microsoft Visual Studio Solution File, Format Version 12.00
# Visual Studio Version 17
VisualStudioVersion = 17.0.31903.59
MinimumVisualStudioVersion = 10.0.40219.1
Project("{FAE04EC0-301F-11D3-BF4B-00C04F79EFBC}") = "PasswordRecovery.Api", "PasswordRecovery.Api\PasswordRecovery.Api.csproj", "{11497853-234D-41AE-8F39-536B2F315B52}"
EndProject
Project("{FAE04EC0-301F-11D3-BF4B-00C04F79EFBC}") = "PasswordRecovery.Application", "PasswordRecovery.Application\PasswordRecovery.Application.csproj", "{7D0C34DA-4BAC-4980-BE39-A76FC802A2F3}"
EndProject
Project("{FAE04EC0-301F-11D3-BF4B-00C04F79EFBC}") = "PasswordRecovery.Contracts", "PasswordRecovery.Contracts\PasswordRecovery.Contracts.csproj", "{B7C050A4-2CCE-46D7-A2E0-586E7AAC1720}"
EndProject
Project("{FAE04EC0-301F-11D3-BF4B-00C04F79EFBC}") = "PasswordRecovery.Domain", "PasswordRecovery.Domain\PasswordRecovery.Domain.csproj", "{835F454A-6AFC-46C9-9017-F52E3AB7A655}"
EndProject
Project("{FAE04EC0-301F-11D3-BF4B-00C04F79EFBC}") = "PasswordRecovery.Infrastructure", "PasswordRecovery.Infrastructure\PasswordRecovery.Infrastructure.csproj", "{D331D436-F1EC-4518-B15F-109DB1D55F44}"
EndProject
Global
	GlobalSection(SolutionConfigurationPlatforms) = preSolution
		Debug|Any CPU = Debug|Any CPU
		Release|Any CPU = Release|Any CPU
	EndGlobalSection
	GlobalSection(SolutionProperties) = preSolution
		HideSolutionNode = FALSE
	EndGlobalSection
	GlobalSection(ProjectConfigurationPlatforms) = postSolution
		{11497853-234D-41AE-8F39-536B2F315B52}.Debug|Any CPU.ActiveCfg = Debug|Any CPU
		{11497853-234D-41AE-8F39-536B2F315B52}.Debug|Any CPU.Build.0 = Debug|Any CPU
		{11497853-234D-41AE-8F39-536B2F315B52}.Release|Any CPU.ActiveCfg = Release|Any CPU
		{11497853-234D-41AE-8F39-536B2F315B52}.Release|Any CPU.Build.0 = Release|Any CPU
		{7D0C34DA-4BAC-4980-BE39-A76FC802A2F3}.Debug|Any CPU.ActiveCfg = Debug|Any CPU
		{7D0C34DA-4BAC-4980-BE39-A76FC802A2F3}.Debug|Any CPU.Build.0 = Debug|Any CPU
		{7D0C34DA-4BAC-4980-BE39-A76FC802A2F3}.Release|Any CPU.ActiveCfg = Release|Any CPU
		{7D0C34DA-4BAC-4980-BE39-A76FC802A2F3}.Release|Any CPU.Build.0 = Release|Any CPU
		{B7C050A4-2CCE-46D7-A2E0-586E7AAC1720}.Debug|Any CPU.ActiveCfg = Debug|Any CPU
		{B7C050A4-2CCE-46D7-A2E0-586E7AAC1720}.Debug|Any CPU.Build.0 = Debug|Any CPU
		{B7C050A4-2CCE-46D7-A2E0-586E7AAC1720}.Release|Any CPU.ActiveCfg = Release|Any CPU
		{B7C050A4-2CCE-46D7-A2E0-586E7AAC1720}.Release|Any CPU.Build.0 = Release|Any CPU
		{835F454A-6AFC-46C9-9017-F52E3AB7A655}.Debug|Any CPU.ActiveCfg = Debug|Any CPU
		{835F454A-6AFC-46C9-9017-F52E3AB7A655}.Debug|Any CPU.Build.0 = Debug|Any CPU
		{835F454A-6AFC-46C9-9017-F52E3AB7A655}.Release|Any CPU.ActiveCfg = Release|Any CPU
		{835F454A-6AFC-46C9-9017-F52E3AB7A655}.Release|Any CPU.Build.0 = Release|Any CPU
		{D331D436-F1EC-4518-B15F-109DB1D55F44}.Debug|Any CPU.ActiveCfg = Debug|Any CPU
		{D331D436-F1EC-4518-B15F-109DB1D55F44}.Debug|Any CPU.Build.0 = Debug|Any CPU
		{D331D436-F1EC-4518-B15F-109DB1D55F44}.Release|Any CPU.ActiveCfg = Release|Any CPU
		{D331D436-F1EC-4518-B15F-109DB1D55F44}.Release|Any CPU.Build.0 = Release|Any CPU
	EndGlobalSection
EndGlobal
